github.com/kardianos/osext v0.0.0-20190222173326-2bc1f35cddc0 h1:M87AU3S4Jn2OBq08K0jJ2Z+G1mM4Zf8t6U141aU6xtE=
github.com/kardianos/osext v0.0.0-20190222173326-2bc1f35cddc0/go.mod h1:1NbS8ALrpOvjt0rHPNLyCIeMtbizbir8U//inJ+zuB8=
github.com/kardianos/service v1.2.1 h1:XEj96Lg2RDNxr6ns1Chk5Ivn6EUuTcQ4mSnPm888QpI=
github.com/kardianos/service v1.2.1/go.mod h1:MZt31bHXR494Grp2rk6t9y/LrMBkDR2danq3fHp4j20=
golang.org/x/sys v0.20.0 h1:Od9JTbYCk261bKm4M/mw7AklTlFYIa0bIp9BgSm1S8Y=
golang.org/x/sys v0.20.0/go.mod h1:/VUhepiaJMQUp4+oa/7Zr1D23ma6VTLIYjOOTFZPUcA=