github.com/google/uuid v1.6.0 h1:NIvaJDMOsjHA8n1jAhLSgzrAzy1Hgr+hNrb57e+94F0=
github.com/google/uuid v1.6.0/go.mod h1:TIyPZe4MgqvfeYDBFedMoGGpEw/LqOeaOT+nhxU+yHo=
github.com/rocket049/walk v0.0.0-20220712152122-205f7c9b459c h1:8aQJ9qFbY06y6Z9yAXd0h2L4Y0K2aZ6Zz0=
github.com/rocket049/walk v0.0.0-20220712152122-205f7c9b459c/go.mod h1:Q6PzZ1r966nJ0K00SG57Y6Z9yAXd0h2L4Y0K2aZ6Zz0=
github.com/lxn/walk v0.0.0-20220712152122-205f7c9b459c h1:8aQJ9qFbY06y6Z9yAXd0h2L4Y0K2aZ6Zz0=
github.com/lxn/walk v0.0.0-20220712152122-205f7c9b459c/go.mod h1:Q6PzZ1r966nJ0K00SG57Y6Z9yAXd0h2L4Y0K2aZ6Zz0=